// !$*UTF8*$!
{
	archiveVersion = 1;
	classes = {
	};
	objectVersion = 56;
	objects = {

/* Begin PBXBuildFile section */
		3E3565332BC1840700215AF3 /* OnboardingPartViewController.m in Sources */ = {isa = PBXBuildFile; fileRef = 3E3565322BC1840700215AF3 /* OnboardingPartViewController.m */; };
		3E3565372BC1EABB00215AF3 /* UserStorage.m in Sources */ = {isa = PBXBuildFile; fileRef = 3E3565362BC1EABB00215AF3 /* UserStorage.m */; };
		3E5534FD2BBF2C610028D269 /* UIColor+Hex.m in Sources */ = {isa = PBXBuildFile; fileRef = 3E5534FC2BBF2C610028D269 /* UIColor+Hex.m */; };
		3E5535002BBF2DB80028D269 /* UIColor+AppColors.m in Sources */ = {isa = PBXBuildFile; fileRef = 3E5534FF2BBF2DB80028D269 /* UIColor+AppColors.m */; };
		3E55350B2BBF36BF0028D269 /* Coordinator.m in Sources */ = {isa = PBXBuildFile; fileRef = 3E55350A2BBF36BF0028D269 /* Coordinator.m */; };
		3E695D682BC28CFB0041E666 /* SceneFactory.m in Sources */ = {isa = PBXBuildFile; fileRef = 3E695D672BC28CFB0041E666 /* SceneFactory.m */; };
		3E695D6C2BC2B3140041E666 /* LoginViewController.m in Sources */ = {isa = PBXBuildFile; fileRef = 3E695D6B2BC2B3140041E666 /* LoginViewController.m */; };
		3E695D722BC2B3C80041E666 /* BottomView.m in Sources */ = {isa = PBXBuildFile; fileRef = 3E695D712BC2B3C80041E666 /* BottomView.m */; };
		3E695D782BC301C60041E666 /* FDButton.m in Sources */ = {isa = PBXBuildFile; fileRef = 3E695D772BC301C60041E666 /* FDButton.m */; };
		3E930B542BBDE31300131028 /* AppDelegate.m in Sources */ = {isa = PBXBuildFile; fileRef = 3E930B532BBDE31300131028 /* AppDelegate.m */; };
		3E930B572BBDE31300131028 /* SceneDelegate.m in Sources */ = {isa = PBXBuildFile; fileRef = 3E930B562BBDE31300131028 /* SceneDelegate.m */; };
		3E930B5A2BBDE31300131028 /* ViewController.m in Sources */ = {isa = PBXBuildFile; fileRef = 3E930B592BBDE31300131028 /* ViewController.m */; };
		3E930B5F2BBDE31400131028 /* Assets.xcassets in Resources */ = {isa = PBXBuildFile; fileRef = 3E930B5E2BBDE31400131028 /* Assets.xcassets */; };
		3E930B622BBDE31400131028 /* LaunchScreen.storyboard in Resources */ = {isa = PBXBuildFile; fileRef = 3E930B602BBDE31400131028 /* LaunchScreen.storyboard */; };
		3E930B652BBDE31400131028 /* main.m in Sources */ = {isa = PBXBuildFile; fileRef = 3E930B642BBDE31400131028 /* main.m */; };
		3E930B7B2BBDE99B00131028 /* Roboto-Medium.ttf in Resources */ = {isa = PBXBuildFile; fileRef = 3E930B6E2BBDE99B00131028 /* Roboto-Medium.ttf */; };
		3E930B7C2BBDE99B00131028 /* Roboto-Light.ttf in Resources */ = {isa = PBXBuildFile; fileRef = 3E930B6F2BBDE99B00131028 /* Roboto-Light.ttf */; };
		3E930B7D2BBDE99B00131028 /* Roboto-Regular.ttf in Resources */ = {isa = PBXBuildFile; fileRef = 3E930B702BBDE99B00131028 /* Roboto-Regular.ttf */; };
		3E930B7E2BBDE99B00131028 /* Roboto-MediumItalic.ttf in Resources */ = {isa = PBXBuildFile; fileRef = 3E930B712BBDE99B00131028 /* Roboto-MediumItalic.ttf */; };
		3E930B7F2BBDE99B00131028 /* Roboto-ThinItalic.ttf in Resources */ = {isa = PBXBuildFile; fileRef = 3E930B722BBDE99B00131028 /* Roboto-ThinItalic.ttf */; };
		3E930B802BBDE99B00131028 /* Roboto-BoldItalic.ttf in Resources */ = {isa = PBXBuildFile; fileRef = 3E930B732BBDE99B00131028 /* Roboto-BoldItalic.ttf */; };
		3E930B812BBDE99B00131028 /* Roboto-LightItalic.ttf in Resources */ = {isa = PBXBuildFile; fileRef = 3E930B742BBDE99B00131028 /* Roboto-LightItalic.ttf */; };
		3E930B822BBDE99B00131028 /* Roboto-Italic.ttf in Resources */ = {isa = PBXBuildFile; fileRef = 3E930B752BBDE99B00131028 /* Roboto-Italic.ttf */; };
		3E930B832BBDE99B00131028 /* LICENSE.txt in Resources */ = {isa = PBXBuildFile; fileRef = 3E930B762BBDE99B00131028 /* LICENSE.txt */; };
		3E930B842BBDE99B00131028 /* Roboto-BlackItalic.ttf in Resources */ = {isa = PBXBuildFile; fileRef = 3E930B772BBDE99B00131028 /* Roboto-BlackItalic.ttf */; };
		3E930B852BBDE99B00131028 /* Roboto-Bold.ttf in Resources */ = {isa = PBXBuildFile; fileRef = 3E930B782BBDE99B00131028 /* Roboto-Bold.ttf */; };
		3E930B862BBDE99B00131028 /* Roboto-Thin.ttf in Resources */ = {isa = PBXBuildFile; fileRef = 3E930B792BBDE99B00131028 /* Roboto-Thin.ttf */; };
		3E930B872BBDE99B00131028 /* Roboto-Black.ttf in Resources */ = {isa = PBXBuildFile; fileRef = 3E930B7A2BBDE99B00131028 /* Roboto-Black.ttf */; };
		3E930B8B2BBDEACF00131028 /* UIFont+Roboto.m in Sources */ = {isa = PBXBuildFile; fileRef = 3E930B8A2BBDEACF00131028 /* UIFont+Roboto.m */; };
		3EEAFCD12BC019AE00A1B236 /* AppCoordinator.m in Sources */ = {isa = PBXBuildFile; fileRef = 3EEAFCD02BC019AE00A1B236 /* AppCoordinator.m */; };
		3EEAFCD42BC01FB700A1B236 /* OnboardingCoordinator.m in Sources */ = {isa = PBXBuildFile; fileRef = 3EEAFCD32BC01FB700A1B236 /* OnboardingCoordinator.m */; };
		3EEAFCDA2BC02A6A00A1B236 /* HomeCoordinator.m in Sources */ = {isa = PBXBuildFile; fileRef = 3EEAFCD92BC02A6A00A1B236 /* HomeCoordinator.m */; };
		3EEAFCDD2BC02A7800A1B236 /* OrderCoordinator.m in Sources */ = {isa = PBXBuildFile; fileRef = 3EEAFCDC2BC02A7800A1B236 /* OrderCoordinator.m */; };
		3EEAFCE02BC02A9000A1B236 /* ListCoordinator.m in Sources */ = {isa = PBXBuildFile; fileRef = 3EEAFCDF2BC02A9000A1B236 /* ListCoordinator.m */; };
		3EEAFCE32BC02A9D00A1B236 /* ProfileCoordinator.m in Sources */ = {isa = PBXBuildFile; fileRef = 3EEAFCE22BC02A9D00A1B236 /* ProfileCoordinator.m */; };
		3EEAFCE62BC02B4400A1B236 /* TabBarController.m in Sources */ = {isa = PBXBuildFile; fileRef = 3EEAFCE52BC02B4400A1B236 /* TabBarController.m */; };
		3EEAFCEB2BC04E7100A1B236 /* OnboardingViewController.m in Sources */ = {isa = PBXBuildFile; fileRef = 3EEAFCEA2BC04E7100A1B236 /* OnboardingViewController.m */; };
		3EEAFCEE2BC04EE100A1B236 /* OnboardingViewPresenter.m in Sources */ = {isa = PBXBuildFile; fileRef = 3EEAFCED2BC04EE100A1B236 /* OnboardingViewPresenter.m */; };
/* End PBXBuildFile section */

/* Begin PBXFileReference section */
		3E3565312BC1840700215AF3 /* OnboardingPartViewController.h */ = {isa = PBXFileReference; lastKnownFileType = sourcecode.c.h; path = OnboardingPartViewController.h; sourceTree = "<group>"; };
		3E3565322BC1840700215AF3 /* OnboardingPartViewController.m */ = {isa = PBXFileReference; lastKnownFileType = sourcecode.c.objc; path = OnboardingPartViewController.m; sourceTree = "<group>"; };
		3E3565352BC1EABB00215AF3 /* UserStorage.h */ = {isa = PBXFileReference; lastKnownFileType = sourcecode.c.h; path = UserStorage.h; sourceTree = "<group>"; };
		3E3565362BC1EABB00215AF3 /* UserStorage.m */ = {isa = PBXFileReference; lastKnownFileType = sourcecode.c.objc; path = UserStorage.m; sourceTree = "<group>"; };
		3E5534FB2BBF2C610028D269 /* UIColor+Hex.h */ = {isa = PBXFileReference; lastKnownFileType = sourcecode.c.h; path = "UIColor+Hex.h"; sourceTree = "<group>"; };
		3E5534FC2BBF2C610028D269 /* UIColor+Hex.m */ = {isa = PBXFileReference; lastKnownFileType = sourcecode.c.objc; path = "UIColor+Hex.m"; sourceTree = "<group>"; };
		3E5534FE2BBF2DB80028D269 /* UIColor+AppColors.h */ = {isa = PBXFileReference; lastKnownFileType = sourcecode.c.h; path = "UIColor+AppColors.h"; sourceTree = "<group>"; };
		3E5534FF2BBF2DB80028D269 /* UIColor+AppColors.m */ = {isa = PBXFileReference; lastKnownFileType = sourcecode.c.objc; path = "UIColor+AppColors.m"; sourceTree = "<group>"; };
		3E5535042BBF32730028D269 /* CoordinatorProtocol.h */ = {isa = PBXFileReference; lastKnownFileType = sourcecode.c.h; path = CoordinatorProtocol.h; sourceTree = "<group>"; };
		3E5535092BBF36BF0028D269 /* Coordinator.h */ = {isa = PBXFileReference; lastKnownFileType = sourcecode.c.h; path = Coordinator.h; sourceTree = "<group>"; };
		3E55350A2BBF36BF0028D269 /* Coordinator.m */ = {isa = PBXFileReference; lastKnownFileType = sourcecode.c.objc; path = Coordinator.m; sourceTree = "<group>"; };
		3E695D662BC28CFB0041E666 /* SceneFactory.h */ = {isa = PBXFileReference; lastKnownFileType = sourcecode.c.h; path = SceneFactory.h; sourceTree = "<group>"; };
		3E695D672BC28CFB0041E666 /* SceneFactory.m */ = {isa = PBXFileReference; lastKnownFileType = sourcecode.c.objc; path = SceneFactory.m; sourceTree = "<group>"; };
		3E695D6A2BC2B3140041E666 /* LoginViewController.h */ = {isa = PBXFileReference; lastKnownFileType = sourcecode.c.h; path = LoginViewController.h; sourceTree = "<group>"; };
		3E695D6B2BC2B3140041E666 /* LoginViewController.m */ = {isa = PBXFileReference; lastKnownFileType = sourcecode.c.objc; path = LoginViewController.m; sourceTree = "<group>"; };
		3E695D702BC2B3C80041E666 /* BottomView.h */ = {isa = PBXFileReference; lastKnownFileType = sourcecode.c.h; path = BottomView.h; sourceTree = "<group>"; };
		3E695D712BC2B3C80041E666 /* BottomView.m */ = {isa = PBXFileReference; lastKnownFileType = sourcecode.c.objc; path = BottomView.m; sourceTree = "<group>"; };
		3E695D762BC301C60041E666 /* FDButton.h */ = {isa = PBXFileReference; lastKnownFileType = sourcecode.c.h; path = FDButton.h; sourceTree = "<group>"; };
		3E695D772BC301C60041E666 /* FDButton.m */ = {isa = PBXFileReference; lastKnownFileType = sourcecode.c.objc; path = FDButton.m; sourceTree = "<group>"; };
		3E930B4F2BBDE31300131028 /* FoodDeliveryApp.app */ = {isa = PBXFileReference; explicitFileType = wrapper.application; includeInIndex = 0; path = FoodDeliveryApp.app; sourceTree = BUILT_PRODUCTS_DIR; };
		3E930B522BBDE31300131028 /* AppDelegate.h */ = {isa = PBXFileReference; lastKnownFileType = sourcecode.c.h; path = AppDelegate.h; sourceTree = "<group>"; };
		3E930B532BBDE31300131028 /* AppDelegate.m */ = {isa = PBXFileReference; lastKnownFileType = sourcecode.c.objc; path = AppDelegate.m; sourceTree = "<group>"; };
		3E930B552BBDE31300131028 /* SceneDelegate.h */ = {isa = PBXFileReference; lastKnownFileType = sourcecode.c.h; path = SceneDelegate.h; sourceTree = "<group>"; };
		3E930B562BBDE31300131028 /* SceneDelegate.m */ = {isa = PBXFileReference; lastKnownFileType = sourcecode.c.objc; path = SceneDelegate.m; sourceTree = "<group>"; };
		3E930B582BBDE31300131028 /* ViewController.h */ = {isa = PBXFileReference; lastKnownFileType = sourcecode.c.h; path = ViewController.h; sourceTree = "<group>"; };
		3E930B592BBDE31300131028 /* ViewController.m */ = {isa = PBXFileReference; lastKnownFileType = sourcecode.c.objc; path = ViewController.m; sourceTree = "<group>"; };
		3E930B5E2BBDE31400131028 /* Assets.xcassets */ = {isa = PBXFileReference; lastKnownFileType = folder.assetcatalog; path = Assets.xcassets; sourceTree = "<group>"; };
		3E930B612BBDE31400131028 /* Base */ = {isa = PBXFileReference; lastKnownFileType = file.storyboard; name = Base; path = Base.lproj/LaunchScreen.storyboard; sourceTree = "<group>"; };
		3E930B632BBDE31400131028 /* Info.plist */ = {isa = PBXFileReference; lastKnownFileType = text.plist.xml; path = Info.plist; sourceTree = "<group>"; };
		3E930B642BBDE31400131028 /* main.m */ = {isa = PBXFileReference; lastKnownFileType = sourcecode.c.objc; path = main.m; sourceTree = "<group>"; };
		3E930B6E2BBDE99B00131028 /* Roboto-Medium.ttf */ = {isa = PBXFileReference; lastKnownFileType = file; path = "Roboto-Medium.ttf"; sourceTree = "<group>"; };
		3E930B6F2BBDE99B00131028 /* Roboto-Light.ttf */ = {isa = PBXFileReference; lastKnownFileType = file; path = "Roboto-Light.ttf"; sourceTree = "<group>"; };
		3E930B702BBDE99B00131028 /* Roboto-Regular.ttf */ = {isa = PBXFileReference; lastKnownFileType = file; path = "Roboto-Regular.ttf"; sourceTree = "<group>"; };
		3E930B712BBDE99B00131028 /* Roboto-MediumItalic.ttf */ = {isa = PBXFileReference; lastKnownFileType = file; path = "Roboto-MediumItalic.ttf"; sourceTree = "<group>"; };
		3E930B722BBDE99B00131028 /* Roboto-ThinItalic.ttf */ = {isa = PBXFileReference; lastKnownFileType = file; path = "Roboto-ThinItalic.ttf"; sourceTree = "<group>"; };
		3E930B732BBDE99B00131028 /* Roboto-BoldItalic.ttf */ = {isa = PBXFileReference; lastKnownFileType = file; path = "Roboto-BoldItalic.ttf"; sourceTree = "<group>"; };
		3E930B742BBDE99B00131028 /* Roboto-LightItalic.ttf */ = {isa = PBXFileReference; lastKnownFileType = file; path = "Roboto-LightItalic.ttf"; sourceTree = "<group>"; };
		3E930B752BBDE99B00131028 /* Roboto-Italic.ttf */ = {isa = PBXFileReference; lastKnownFileType = file; path = "Roboto-Italic.ttf"; sourceTree = "<group>"; };
		3E930B762BBDE99B00131028 /* LICENSE.txt */ = {isa = PBXFileReference; fileEncoding = 4; lastKnownFileType = text; path = LICENSE.txt; sourceTree = "<group>"; };
		3E930B772BBDE99B00131028 /* Roboto-BlackItalic.ttf */ = {isa = PBXFileReference; lastKnownFileType = file; path = "Roboto-BlackItalic.ttf"; sourceTree = "<group>"; };
		3E930B782BBDE99B00131028 /* Roboto-Bold.ttf */ = {isa = PBXFileReference; lastKnownFileType = file; path = "Roboto-Bold.ttf"; sourceTree = "<group>"; };
		3E930B792BBDE99B00131028 /* Roboto-Thin.ttf */ = {isa = PBXFileReference; lastKnownFileType = file; path = "Roboto-Thin.ttf"; sourceTree = "<group>"; };
		3E930B7A2BBDE99B00131028 /* Roboto-Black.ttf */ = {isa = PBXFileReference; lastKnownFileType = file; path = "Roboto-Black.ttf"; sourceTree = "<group>"; };
		3E930B892BBDEACF00131028 /* UIFont+Roboto.h */ = {isa = PBXFileReference; lastKnownFileType = sourcecode.c.h; path = "UIFont+Roboto.h"; sourceTree = "<group>"; };
		3E930B8A2BBDEACF00131028 /* UIFont+Roboto.m */ = {isa = PBXFileReference; lastKnownFileType = sourcecode.c.objc; path = "UIFont+Roboto.m"; sourceTree = "<group>"; };
		3EEAFCCF2BC019AE00A1B236 /* AppCoordinator.h */ = {isa = PBXFileReference; lastKnownFileType = sourcecode.c.h; path = AppCoordinator.h; sourceTree = "<group>"; };
		3EEAFCD02BC019AE00A1B236 /* AppCoordinator.m */ = {isa = PBXFileReference; lastKnownFileType = sourcecode.c.objc; path = AppCoordinator.m; sourceTree = "<group>"; };
		3EEAFCD22BC01FB700A1B236 /* OnboardingCoordinator.h */ = {isa = PBXFileReference; lastKnownFileType = sourcecode.c.h; path = OnboardingCoordinator.h; sourceTree = "<group>"; };
		3EEAFCD32BC01FB700A1B236 /* OnboardingCoordinator.m */ = {isa = PBXFileReference; lastKnownFileType = sourcecode.c.objc; path = OnboardingCoordinator.m; sourceTree = "<group>"; };
		3EEAFCD52BC0269D00A1B236 /* CoordinatorFinishDelegate.h */ = {isa = PBXFileReference; lastKnownFileType = sourcecode.c.h; path = CoordinatorFinishDelegate.h; sourceTree = "<group>"; };
		3EEAFCD82BC02A6A00A1B236 /* HomeCoordinator.h */ = {isa = PBXFileReference; lastKnownFileType = sourcecode.c.h; path = HomeCoordinator.h; sourceTree = "<group>"; };
		3EEAFCD92BC02A6A00A1B236 /* HomeCoordinator.m */ = {isa = PBXFileReference; lastKnownFileType = sourcecode.c.objc; path = HomeCoordinator.m; sourceTree = "<group>"; };
		3EEAFCDB2BC02A7800A1B236 /* OrderCoordinator.h */ = {isa = PBXFileReference; lastKnownFileType = sourcecode.c.h; path = OrderCoordinator.h; sourceTree = "<group>"; };
		3EEAFCDC2BC02A7800A1B236 /* OrderCoordinator.m */ = {isa = PBXFileReference; lastKnownFileType = sourcecode.c.objc; path = OrderCoordinator.m; sourceTree = "<group>"; };
		3EEAFCDE2BC02A9000A1B236 /* ListCoordinator.h */ = {isa = PBXFileReference; lastKnownFileType = sourcecode.c.h; path = ListCoordinator.h; sourceTree = "<group>"; };
		3EEAFCDF2BC02A9000A1B236 /* ListCoordinator.m */ = {isa = PBXFileReference; lastKnownFileType = sourcecode.c.objc; path = ListCoordinator.m; sourceTree = "<group>"; };
		3EEAFCE12BC02A9D00A1B236 /* ProfileCoordinator.h */ = {isa = PBXFileReference; lastKnownFileType = sourcecode.c.h; path = ProfileCoordinator.h; sourceTree = "<group>"; };
		3EEAFCE22BC02A9D00A1B236 /* ProfileCoordinator.m */ = {isa = PBXFileReference; lastKnownFileType = sourcecode.c.objc; path = ProfileCoordinator.m; sourceTree = "<group>"; };
		3EEAFCE42BC02B4400A1B236 /* TabBarController.h */ = {isa = PBXFileReference; lastKnownFileType = sourcecode.c.h; path = TabBarController.h; sourceTree = "<group>"; };
		3EEAFCE52BC02B4400A1B236 /* TabBarController.m */ = {isa = PBXFileReference; lastKnownFileType = sourcecode.c.objc; path = TabBarController.m; sourceTree = "<group>"; };
		3EEAFCE92BC04E7100A1B236 /* OnboardingViewController.h */ = {isa = PBXFileReference; lastKnownFileType = sourcecode.c.h; path = OnboardingViewController.h; sourceTree = "<group>"; };
		3EEAFCEA2BC04E7100A1B236 /* OnboardingViewController.m */ = {isa = PBXFileReference; lastKnownFileType = sourcecode.c.objc; path = OnboardingViewController.m; sourceTree = "<group>"; };
		3EEAFCEC2BC04EE100A1B236 /* OnboardingViewPresenter.h */ = {isa = PBXFileReference; lastKnownFileType = sourcecode.c.h; path = OnboardingViewPresenter.h; sourceTree = "<group>"; };
		3EEAFCED2BC04EE100A1B236 /* OnboardingViewPresenter.m */ = {isa = PBXFileReference; lastKnownFileType = sourcecode.c.objc; path = OnboardingViewPresenter.m; sourceTree = "<group>"; };
/* End PBXFileReference section */

/* Begin PBXFrameworksBuildPhase section */
		3E930B4C2BBDE31200131028 /* Frameworks */ = {
			isa = PBXFrameworksBuildPhase;
			buildActionMask = 2147483647;
			files = (
			);
			runOnlyForDeploymentPostprocessing = 0;
		};
/* End PBXFrameworksBuildPhase section */

/* Begin PBXGroup section */
		3E3565342BC1EAA300215AF3 /* ServicesLayer */ = {
			isa = PBXGroup;
			children = (
				3E3565352BC1EABB00215AF3 /* UserStorage.h */,
				3E3565362BC1EABB00215AF3 /* UserStorage.m */,
			);
			path = ServicesLayer;
			sourceTree = "<group>";
		};
		3E5535012BBF32300028D269 /* NavigationLayer */ = {
			isa = PBXGroup;
			children = (
				3E5535032BBF32560028D269 /* Controllers */,
				3E5535022BBF32400028D269 /* Coordinators */,
			);
			path = NavigationLayer;
			sourceTree = "<group>";
		};
		3E5535022BBF32400028D269 /* Coordinators */ = {
			isa = PBXGroup;
			children = (
				3E5535042BBF32730028D269 /* CoordinatorProtocol.h */,
				3EEAFCD52BC0269D00A1B236 /* CoordinatorFinishDelegate.h */,
				3E5535092BBF36BF0028D269 /* Coordinator.h */,
				3E55350A2BBF36BF0028D269 /* Coordinator.m */,
				3EEAFCCF2BC019AE00A1B236 /* AppCoordinator.h */,
				3EEAFCD02BC019AE00A1B236 /* AppCoordinator.m */,
				3EEAFCD22BC01FB700A1B236 /* OnboardingCoordinator.h */,
				3EEAFCD32BC01FB700A1B236 /* OnboardingCoordinator.m */,
				3EEAFCD82BC02A6A00A1B236 /* HomeCoordinator.h */,
				3EEAFCD92BC02A6A00A1B236 /* HomeCoordinator.m */,
				3EEAFCDB2BC02A7800A1B236 /* OrderCoordinator.h */,
				3EEAFCDC2BC02A7800A1B236 /* OrderCoordinator.m */,
				3EEAFCDE2BC02A9000A1B236 /* ListCoordinator.h */,
				3EEAFCDF2BC02A9000A1B236 /* ListCoordinator.m */,
				3EEAFCE12BC02A9D00A1B236 /* ProfileCoordinator.h */,
				3EEAFCE22BC02A9D00A1B236 /* ProfileCoordinator.m */,
			);
			path = Coordinators;
			sourceTree = "<group>";
		};
		3E5535032BBF32560028D269 /* Controllers */ = {
			isa = PBXGroup;
			children = (
				3EEAFCE42BC02B4400A1B236 /* TabBarController.h */,
				3EEAFCE52BC02B4400A1B236 /* TabBarController.m */,
			);
			path = Controllers;
			sourceTree = "<group>";
		};
		3E695D652BC28CE00041E666 /* SceneFactory */ = {
			isa = PBXGroup;
			children = (
				3E695D662BC28CFB0041E666 /* SceneFactory.h */,
				3E695D672BC28CFB0041E666 /* SceneFactory.m */,
			);
			path = SceneFactory;
			sourceTree = "<group>";
		};
		3E695D692BC2B2E20041E666 /* AuthScene */ = {
			isa = PBXGroup;
			children = (
				3E695D6F2BC2B3B10041E666 /* Presenters */,
				3E695D6E2BC2B3AC0041E666 /* Controllers */,
				3E695D6D2BC2B3A60041E666 /* Views */,
			);
			path = AuthScene;
			sourceTree = "<group>";
		};
		3E695D6D2BC2B3A60041E666 /* Views */ = {
			isa = PBXGroup;
			children = (
				3E695D702BC2B3C80041E666 /* BottomView.h */,
				3E695D712BC2B3C80041E666 /* BottomView.m */,
			);
			path = Views;
			sourceTree = "<group>";
		};
		3E695D6E2BC2B3AC0041E666 /* Controllers */ = {
			isa = PBXGroup;
			children = (
				3E695D6A2BC2B3140041E666 /* LoginViewController.h */,
				3E695D6B2BC2B3140041E666 /* LoginViewController.m */,
			);
			path = Controllers;
			sourceTree = "<group>";
		};
		3E695D6F2BC2B3B10041E666 /* Presenters */ = {
			isa = PBXGroup;
			children = (
			);
			path = Presenters;
			sourceTree = "<group>";
		};
		3E695D732BC3015D0041E666 /* Views */ = {
			isa = PBXGroup;
			children = (
				3E695D762BC301C60041E666 /* FDButton.h */,
				3E695D772BC301C60041E666 /* FDButton.m */,
			);
			path = Views;
			sourceTree = "<group>";
		};
		3E695D742BC301690041E666 /* Scenes */ = {
			isa = PBXGroup;
			children = (
				3EEAFCE82BC04E5B00A1B236 /* Onboarding */,
				3E695D692BC2B2E20041E666 /* AuthScene */,
			);
			path = Scenes;
			sourceTree = "<group>";
		};
		3E695D752BC3018C0041E666 /* Factory */ = {
			isa = PBXGroup;
			children = (
				3E695D652BC28CE00041E666 /* SceneFactory */,
			);
			path = Factory;
			sourceTree = "<group>";
		};
		3E930B462BBDE31200131028 = {
			isa = PBXGroup;
			children = (
				3E930B512BBDE31300131028 /* FoodDeliveryApp */,
				3E930B502BBDE31300131028 /* Products */,
			);
			sourceTree = "<group>";
		};
		3E930B502BBDE31300131028 /* Products */ = {
			isa = PBXGroup;
			children = (
				3E930B4F2BBDE31300131028 /* FoodDeliveryApp.app */,
			);
			name = Products;
			sourceTree = "<group>";
		};
		3E930B512BBDE31300131028 /* FoodDeliveryApp */ = {
			isa = PBXGroup;
			children = (
				3E3565342BC1EAA300215AF3 /* ServicesLayer */,
				3EEAFCE72BC04E2700A1B236 /* UILayer */,
				3E5535012BBF32300028D269 /* NavigationLayer */,
				3E930B6B2BBDE97F00131028 /* Resources */,
				3E930B522BBDE31300131028 /* AppDelegate.h */,
				3E930B532BBDE31300131028 /* AppDelegate.m */,
				3E930B552BBDE31300131028 /* SceneDelegate.h */,
				3E930B562BBDE31300131028 /* SceneDelegate.m */,
				3E930B582BBDE31300131028 /* ViewController.h */,
				3E930B592BBDE31300131028 /* ViewController.m */,
				3E930B5E2BBDE31400131028 /* Assets.xcassets */,
				3E930B602BBDE31400131028 /* LaunchScreen.storyboard */,
				3E930B632BBDE31400131028 /* Info.plist */,
				3E930B642BBDE31400131028 /* main.m */,
			);
			path = FoodDeliveryApp;
			sourceTree = "<group>";
		};
		3E930B6B2BBDE97F00131028 /* Resources */ = {
			isa = PBXGroup;
			children = (
				3E930B882BBDEAB400131028 /* Extensions */,
				3E930B6C2BBDE98A00131028 /* Fonts */,
			);
			path = Resources;
			sourceTree = "<group>";
		};
		3E930B6C2BBDE98A00131028 /* Fonts */ = {
			isa = PBXGroup;
			children = (
				3E930B6D2BBDE99B00131028 /* Roboto */,
			);
			path = Fonts;
			sourceTree = "<group>";
		};
		3E930B6D2BBDE99B00131028 /* Roboto */ = {
			isa = PBXGroup;
			children = (
				3E930B6E2BBDE99B00131028 /* Roboto-Medium.ttf */,
				3E930B6F2BBDE99B00131028 /* Roboto-Light.ttf */,
				3E930B702BBDE99B00131028 /* Roboto-Regular.ttf */,
				3E930B712BBDE99B00131028 /* Roboto-MediumItalic.ttf */,
				3E930B722BBDE99B00131028 /* Roboto-ThinItalic.ttf */,
				3E930B732BBDE99B00131028 /* Roboto-BoldItalic.ttf */,
				3E930B742BBDE99B00131028 /* Roboto-LightItalic.ttf */,
				3E930B752BBDE99B00131028 /* Roboto-Italic.ttf */,
				3E930B762BBDE99B00131028 /* LICENSE.txt */,
				3E930B772BBDE99B00131028 /* Roboto-BlackItalic.ttf */,
				3E930B782BBDE99B00131028 /* Roboto-Bold.ttf */,
				3E930B792BBDE99B00131028 /* Roboto-Thin.ttf */,
				3E930B7A2BBDE99B00131028 /* Roboto-Black.ttf */,
			);
			path = Roboto;
			sourceTree = "<group>";
		};
		3E930B882BBDEAB400131028 /* Extensions */ = {
			isa = PBXGroup;
			children = (
				3E930B892BBDEACF00131028 /* UIFont+Roboto.h */,
				3E930B8A2BBDEACF00131028 /* UIFont+Roboto.m */,
				3E5534FB2BBF2C610028D269 /* UIColor+Hex.h */,
				3E5534FC2BBF2C610028D269 /* UIColor+Hex.m */,
				3E5534FE2BBF2DB80028D269 /* UIColor+AppColors.h */,
				3E5534FF2BBF2DB80028D269 /* UIColor+AppColors.m */,
			);
			path = Extensions;
			sourceTree = "<group>";
		};
		3EEAFCE72BC04E2700A1B236 /* UILayer */ = {
			isa = PBXGroup;
			children = (
				3E695D752BC3018C0041E666 /* Factory */,
				3E695D742BC301690041E666 /* Scenes */,
				3E695D732BC3015D0041E666 /* Views */,
			);
			path = UILayer;
			sourceTree = "<group>";
		};
		3EEAFCE82BC04E5B00A1B236 /* Onboarding */ = {
			isa = PBXGroup;
			children = (
				3EEAFCEC2BC04EE100A1B236 /* OnboardingViewPresenter.h */,
				3EEAFCED2BC04EE100A1B236 /* OnboardingViewPresenter.m */,
				3EEAFCE92BC04E7100A1B236 /* OnboardingViewController.h */,
				3EEAFCEA2BC04E7100A1B236 /* OnboardingViewController.m */,
				3E3565312BC1840700215AF3 /* OnboardingPartViewController.h */,
				3E3565322BC1840700215AF3 /* OnboardingPartViewController.m */,
			);
			path = Onboarding;
			sourceTree = "<group>";
		};
/* End PBXGroup section */

/* Begin PBXNativeTarget section */
		3E930B4E2BBDE31200131028 /* FoodDeliveryApp */ = {
			isa = PBXNativeTarget;
			buildConfigurationList = 3E930B682BBDE31400131028 /* Build configuration list for PBXNativeTarget "FoodDeliveryApp" */;
			buildPhases = (
				3E930B4B2BBDE31200131028 /* Sources */,
				3E930B4C2BBDE31200131028 /* Frameworks */,
				3E930B4D2BBDE31200131028 /* Resources */,
			);
			buildRules = (
			);
			dependencies = (
			);
			name = FoodDeliveryApp;
			productName = FoodDeliveryApp;
			productReference = 3E930B4F2BBDE31300131028 /* FoodDeliveryApp.app */;
			productType = "com.apple.product-type.application";
		};
/* End PBXNativeTarget section */

/* Begin PBXProject section */
		3E930B472BBDE31200131028 /* Project object */ = {
			isa = PBXProject;
			attributes = {
				BuildIndependentTargetsInParallel = 1;
				LastUpgradeCheck = 1520;
				TargetAttributes = {
					3E930B4E2BBDE31200131028 = {
						CreatedOnToolsVersion = 15.2;
					};
				};
			};
			buildConfigurationList = 3E930B4A2BBDE31200131028 /* Build configuration list for PBXProject "FoodDeliveryApp" */;
			compatibilityVersion = "Xcode 14.0";
			developmentRegion = en;
			hasScannedForEncodings = 0;
			knownRegions = (
				en,
				Base,
			);
			mainGroup = 3E930B462BBDE31200131028;
			productRefGroup = 3E930B502BBDE31300131028 /* Products */;
			projectDirPath = "";
			projectRoot = "";
			targets = (
				3E930B4E2BBDE31200131028 /* FoodDeliveryApp */,
			);
		};
/* End PBXProject section */

/* Begin PBXResourcesBuildPhase section */
		3E930B4D2BBDE31200131028 /* Resources */ = {
			isa = PBXResourcesBuildPhase;
			buildActionMask = 2147483647;
			files = (
				3E930B862BBDE99B00131028 /* Roboto-Thin.ttf in Resources */,
				3E930B832BBDE99B00131028 /* LICENSE.txt in Resources */,
				3E930B872BBDE99B00131028 /* Roboto-Black.ttf in Resources */,
				3E930B852BBDE99B00131028 /* Roboto-Bold.ttf in Resources */,
				3E930B622BBDE31400131028 /* LaunchScreen.storyboard in Resources */,
				3E930B5F2BBDE31400131028 /* Assets.xcassets in Resources */,
				3E930B802BBDE99B00131028 /* Roboto-BoldItalic.ttf in Resources */,
				3E930B7D2BBDE99B00131028 /* Roboto-Regular.ttf in Resources */,
				3E930B7F2BBDE99B00131028 /* Roboto-ThinItalic.ttf in Resources */,
				3E930B812BBDE99B00131028 /* Roboto-LightItalic.ttf in Resources */,
				3E930B842BBDE99B00131028 /* Roboto-BlackItalic.ttf in Resources */,
				3E930B7C2BBDE99B00131028 /* Roboto-Light.ttf in Resources */,
				3E930B822BBDE99B00131028 /* Roboto-Italic.ttf in Resources */,
				3E930B7E2BBDE99B00131028 /* Roboto-MediumItalic.ttf in Resources */,
				3E930B7B2BBDE99B00131028 /* Roboto-Medium.ttf in Resources */,
			);
			runOnlyForDeploymentPostprocessing = 0;
		};
/* End PBXResourcesBuildPhase section */

/* Begin PBXSourcesBuildPhase section */
		3E930B4B2BBDE31200131028 /* Sources */ = {
			isa = PBXSourcesBuildPhase;
			buildActionMask = 2147483647;
			files = (
				3E695D782BC301C60041E666 /* FDButton.m in Sources */,
				3EEAFCE02BC02A9000A1B236 /* ListCoordinator.m in Sources */,
				3E930B5A2BBDE31300131028 /* ViewController.m in Sources */,
				3E5534FD2BBF2C610028D269 /* UIColor+Hex.m in Sources */,
				3E930B542BBDE31300131028 /* AppDelegate.m in Sources */,
				3E3565372BC1EABB00215AF3 /* UserStorage.m in Sources */,
				3E695D722BC2B3C80041E666 /* BottomView.m in Sources */,
				3EEAFCD12BC019AE00A1B236 /* AppCoordinator.m in Sources */,
				3E5535002BBF2DB80028D269 /* UIColor+AppColors.m in Sources */,
				3EEAFCE32BC02A9D00A1B236 /* ProfileCoordinator.m in Sources */,
				3EEAFCEE2BC04EE100A1B236 /* OnboardingViewPresenter.m in Sources */,
				3EEAFCEB2BC04E7100A1B236 /* OnboardingViewController.m in Sources */,
				3EEAFCDD2BC02A7800A1B236 /* OrderCoordinator.m in Sources */,
				3E695D6C2BC2B3140041E666 /* LoginViewController.m in Sources */,
				3E3565332BC1840700215AF3 /* OnboardingPartViewController.m in Sources */,
				3E55350B2BBF36BF0028D269 /* Coordinator.m in Sources */,
				3E930B652BBDE31400131028 /* main.m in Sources */,
				3EEAFCD42BC01FB700A1B236 /* OnboardingCoordinator.m in Sources */,
				3EEAFCDA2BC02A6A00A1B236 /* HomeCoordinator.m in Sources */,
				3EEAFCE62BC02B4400A1B236 /* TabBarController.m in Sources */,
				3E930B8B2BBDEACF00131028 /* UIFont+Roboto.m in Sources */,
				3E930B572BBDE31300131028 /* SceneDelegate.m in Sources */,
				3E695D682BC28CFB0041E666 /* SceneFactory.m in Sources */,
			);
			runOnlyForDeploymentPostprocessing = 0;
		};
/* End PBXSourcesBuildPhase section */

/* Begin PBXVariantGroup section */
		3E930B602BBDE31400131028 /* LaunchScreen.storyboard */ = {
			isa = PBXVariantGroup;
			children = (
				3E930B612BBDE31400131028 /* Base */,
			);
			name = LaunchScreen.storyboard;
			sourceTree = "<group>";
		};
/* End PBXVariantGroup section */

/* Begin XCBuildConfiguration section */
		3E930B662BBDE31400131028 /* Debug */ = {
			isa = XCBuildConfiguration;
			buildSettings = {
				ALWAYS_SEARCH_USER_PATHS = NO;
				ASSETCATALOG_COMPILER_GENERATE_SWIFT_ASSET_SYMBOL_EXTENSIONS = YES;
				CLANG_ANALYZER_NONNULL = YES;
				CLANG_ANALYZER_NUMBER_OBJECT_CONVERSION = YES_AGGRESSIVE;
				CLANG_CXX_LANGUAGE_STANDARD = "gnu++20";
				CLANG_ENABLE_MODULES = YES;
				CLANG_ENABLE_OBJC_ARC = YES;
				CLANG_ENABLE_OBJC_WEAK = YES;
				CLANG_WARN_BLOCK_CAPTURE_AUTORELEASING = YES;
				CLANG_WARN_BOOL_CONVERSION = YES;
				CLANG_WARN_COMMA = YES;
				CLANG_WARN_CONSTANT_CONVERSION = YES;
				CLANG_WARN_DEPRECATED_OBJC_IMPLEMENTATIONS = YES;
				CLANG_WARN_DIRECT_OBJC_ISA_USAGE = YES_ERROR;
				CLANG_WARN_DOCUMENTATION_COMMENTS = YES;
				CLANG_WARN_EMPTY_BODY = YES;
				CLANG_WARN_ENUM_CONVERSION = YES;
				CLANG_WARN_INFINITE_RECURSION = YES;
				CLANG_WARN_INT_CONVERSION = YES;
				CLANG_WARN_NON_LITERAL_NULL_CONVERSION = YES;
				CLANG_WARN_OBJC_IMPLICIT_RETAIN_SELF = YES;
				CLANG_WARN_OBJC_LITERAL_CONVERSION = YES;
				CLANG_WARN_OBJC_ROOT_CLASS = YES_ERROR;
				CLANG_WARN_QUOTED_INCLUDE_IN_FRAMEWORK_HEADER = YES;
				CLANG_WARN_RANGE_LOOP_ANALYSIS = YES;
				CLANG_WARN_STRICT_PROTOTYPES = YES;
				CLANG_WARN_SUSPICIOUS_MOVE = YES;
				CLANG_WARN_UNGUARDED_AVAILABILITY = YES_AGGRESSIVE;
				CLANG_WARN_UNREACHABLE_CODE = YES;
				CLANG_WARN__DUPLICATE_METHOD_MATCH = YES;
				COPY_PHASE_STRIP = NO;
				DEBUG_INFORMATION_FORMAT = dwarf;
				ENABLE_STRICT_OBJC_MSGSEND = YES;
				ENABLE_TESTABILITY = YES;
				ENABLE_USER_SCRIPT_SANDBOXING = YES;
				GCC_C_LANGUAGE_STANDARD = gnu17;
				GCC_DYNAMIC_NO_PIC = NO;
				GCC_NO_COMMON_BLOCKS = YES;
				GCC_OPTIMIZATION_LEVEL = 0;
				GCC_PREPROCESSOR_DEFINITIONS = (
					"DEBUG=1",
					"$(inherited)",
				);
				GCC_WARN_64_TO_32_BIT_CONVERSION = YES;
				GCC_WARN_ABOUT_RETURN_TYPE = YES_ERROR;
				GCC_WARN_UNDECLARED_SELECTOR = YES;
				GCC_WARN_UNINITIALIZED_AUTOS = YES_AGGRESSIVE;
				GCC_WARN_UNUSED_FUNCTION = YES;
				GCC_WARN_UNUSED_VARIABLE = YES;
				IPHONEOS_DEPLOYMENT_TARGET = 17.2;
				LOCALIZATION_PREFERS_STRING_CATALOGS = YES;
				MTL_ENABLE_DEBUG_INFO = INCLUDE_SOURCE;
				MTL_FAST_MATH = YES;
				ONLY_ACTIVE_ARCH = YES;
				SDKROOT = iphoneos;
			};
			name = Debug;
		};
		3E930B672BBDE31400131028 /* Release */ = {
			isa = XCBuildConfiguration;
			buildSettings = {
				ALWAYS_SEARCH_USER_PATHS = NO;
				ASSETCATALOG_COMPILER_GENERATE_SWIFT_ASSET_SYMBOL_EXTENSIONS = YES;
				CLANG_ANALYZER_NONNULL = YES;
				CLANG_ANALYZER_NUMBER_OBJECT_CONVERSION = YES_AGGRESSIVE;
				CLANG_CXX_LANGUAGE_STANDARD = "gnu++20";
				CLANG_ENABLE_MODULES = YES;
				CLANG_ENABLE_OBJC_ARC = YES;
				CLANG_ENABLE_OBJC_WEAK = YES;
				CLANG_WARN_BLOCK_CAPTURE_AUTORELEASING = YES;
				CLANG_WARN_BOOL_CONVERSION = YES;
				CLANG_WARN_COMMA = YES;
				CLANG_WARN_CONSTANT_CONVERSION = YES;
				CLANG_WARN_DEPRECATED_OBJC_IMPLEMENTATIONS = YES;
				CLANG_WARN_DIRECT_OBJC_ISA_USAGE = YES_ERROR;
				CLANG_WARN_DOCUMENTATION_COMMENTS = YES;
				CLANG_WARN_EMPTY_BODY = YES;
				CLANG_WARN_ENUM_CONVERSION = YES;
				CLANG_WARN_INFINITE_RECURSION = YES;
				CLANG_WARN_INT_CONVERSION = YES;
				CLANG_WARN_NON_LITERAL_NULL_CONVERSION = YES;
				CLANG_WARN_OBJC_IMPLICIT_RETAIN_SELF = YES;
				CLANG_WARN_OBJC_LITERAL_CONVERSION = YES;
				CLANG_WARN_OBJC_ROOT_CLASS = YES_ERROR;
				CLANG_WARN_QUOTED_INCLUDE_IN_FRAMEWORK_HEADER = YES;
				CLANG_WARN_RANGE_LOOP_ANALYSIS = YES;
				CLANG_WARN_STRICT_PROTOTYPES = YES;
				CLANG_WARN_SUSPICIOUS_MOVE = YES;
				CLANG_WARN_UNGUARDED_AVAILABILITY = YES_AGGRESSIVE;
				CLANG_WARN_UNREACHABLE_CODE = YES;
				CLANG_WARN__DUPLICATE_METHOD_MATCH = YES;
				COPY_PHASE_STRIP = NO;
				DEBUG_INFORMATION_FORMAT = "dwarf-with-dsym";
				ENABLE_NS_ASSERTIONS = NO;
				ENABLE_STRICT_OBJC_MSGSEND = YES;
				ENABLE_USER_SCRIPT_SANDBOXING = YES;
				GCC_C_LANGUAGE_STANDARD = gnu17;
				GCC_NO_COMMON_BLOCKS = YES;
				GCC_WARN_64_TO_32_BIT_CONVERSION = YES;
				GCC_WARN_ABOUT_RETURN_TYPE = YES_ERROR;
				GCC_WARN_UNDECLARED_SELECTOR = YES;
				GCC_WARN_UNINITIALIZED_AUTOS = YES_AGGRESSIVE;
				GCC_WARN_UNUSED_FUNCTION = YES;
				GCC_WARN_UNUSED_VARIABLE = YES;
				IPHONEOS_DEPLOYMENT_TARGET = 17.2;
				LOCALIZATION_PREFERS_STRING_CATALOGS = YES;
				MTL_ENABLE_DEBUG_INFO = NO;
				MTL_FAST_MATH = YES;
				SDKROOT = iphoneos;
				VALIDATE_PRODUCT = YES;
			};
			name = Release;
		};
		3E930B692BBDE31400131028 /* Debug */ = {
			isa = XCBuildConfiguration;
			buildSettings = {
				ASSETCATALOG_COMPILER_APPICON_NAME = AppIcon;
				ASSETCATALOG_COMPILER_GLOBAL_ACCENT_COLOR_NAME = AccentColor;
				CODE_SIGN_STYLE = Automatic;
				CURRENT_PROJECT_VERSION = 1;
				GENERATE_INFOPLIST_FILE = YES;
				INFOPLIST_FILE = FoodDeliveryApp/Info.plist;
				INFOPLIST_KEY_UIApplicationSupportsIndirectInputEvents = YES;
				INFOPLIST_KEY_UILaunchStoryboardName = LaunchScreen;
				INFOPLIST_KEY_UIMainStoryboardFile = "";
				INFOPLIST_KEY_UISupportedInterfaceOrientations_iPad = "UIInterfaceOrientationPortrait UIInterfaceOrientationPortraitUpsideDown UIInterfaceOrientationLandscapeLeft UIInterfaceOrientationLandscapeRight";
				INFOPLIST_KEY_UISupportedInterfaceOrientations_iPhone = "UIInterfaceOrientationPortrait UIInterfaceOrientationLandscapeLeft UIInterfaceOrientationLandscapeRight";
				LD_RUNPATH_SEARCH_PATHS = (
					"$(inherited)",
					"@executable_path/Frameworks",
				);
				MARKETING_VERSION = 1.0;
				PRODUCT_BUNDLE_IDENTIFIER = a.FoodDeliveryApp;
				PRODUCT_NAME = "$(TARGET_NAME)";
				SWIFT_EMIT_LOC_STRINGS = YES;
				TARGETED_DEVICE_FAMILY = "1,2";
			};
			name = Debug;
		};
		3E930B6A2BBDE31400131028 /* Release */ = {
			isa = XCBuildConfiguration;
			buildSettings = {
				ASSETCATALOG_COMPILER_APPICON_NAME = AppIcon;
				ASSETCATALOG_COMPILER_GLOBAL_ACCENT_COLOR_NAME = AccentColor;
				CODE_SIGN_STYLE = Automatic;
				CURRENT_PROJECT_VERSION = 1;
				GENERATE_INFOPLIST_FILE = YES;
				INFOPLIST_FILE = FoodDeliveryApp/Info.plist;
				INFOPLIST_KEY_UIApplicationSupportsIndirectInputEvents = YES;
				INFOPLIST_KEY_UILaunchStoryboardName = LaunchScreen;
				INFOPLIST_KEY_UIMainStoryboardFile = "";
				INFOPLIST_KEY_UISupportedInterfaceOrientations_iPad = "UIInterfaceOrientationPortrait UIInterfaceOrientationPortraitUpsideDown UIInterfaceOrientationLandscapeLeft UIInterfaceOrientationLandscapeRight";
				INFOPLIST_KEY_UISupportedInterfaceOrientations_iPhone = "UIInterfaceOrientationPortrait UIInterfaceOrientationLandscapeLeft UIInterfaceOrientationLandscapeRight";
				LD_RUNPATH_SEARCH_PATHS = (
					"$(inherited)",
					"@executable_path/Frameworks",
				);
				MARKETING_VERSION = 1.0;
				PRODUCT_BUNDLE_IDENTIFIER = a.FoodDeliveryApp;
				PRODUCT_NAME = "$(TARGET_NAME)";
				SWIFT_EMIT_LOC_STRINGS = YES;
				TARGETED_DEVICE_FAMILY = "1,2";
			};
			name = Release;
		};
/* End XCBuildConfiguration section */

/* Begin XCConfigurationList section */
		3E930B4A2BBDE31200131028 /* Build configuration list for PBXProject "FoodDeliveryApp" */ = {
			isa = XCConfigurationList;
			buildConfigurations = (
				3E930B662BBDE31400131028 /* Debug */,
				3E930B672BBDE31400131028 /* Release */,
			);
			defaultConfigurationIsVisible = 0;
			defaultConfigurationName = Release;
		};
		3E930B682BBDE31400131028 /* Build configuration list for PBXNativeTarget "FoodDeliveryApp" */ = {
			isa = XCConfigurationList;
			buildConfigurations = (
				3E930B692BBDE31400131028 /* Debug */,
				3E930B6A2BBDE31400131028 /* Release */,
			);
			defaultConfigurationIsVisible = 0;
			defaultConfigurationName = Release;
		};
/* End XCConfigurationList section */
	};
	rootObject = 3E930B472BBDE31200131028 /* Project object */;
}
